// !$*UTF8*$!
{
	archiveVersion = 1;
	classes = {
	};
	objectVersion = 46;
	objects = {

/* Begin PBXBuildFile section */
		3425C0951CEE80D100CC7AD5 /* HelpWindowUITests.m in Sources */ = {isa = PBXBuildFile; fileRef = 3425C0941CEE80D100CC7AD5 /* HelpWindowUITests.m */; };
		3433D7041CD31FBD0044EFA3 /* NoHoldMusic.h in Headers */ = {isa = PBXBuildFile; fileRef = 3433D7031CD31FBD0044EFA3 /* NoHoldMusic.h */; settings = {ATTRIBUTES = (Public, ); }; };
		3433D70B1CD31FBE0044EFA3 /* NoHoldMusic.framework in Frameworks */ = {isa = PBXBuildFile; fileRef = 3433D7001CD31FBD0044EFA3 /* NoHoldMusic.framework */; };
		3433D7101CD31FBE0044EFA3 /* NoHoldMusicTests.m in Sources */ = {isa = PBXBuildFile; fileRef = 3433D70F1CD31FBE0044EFA3 /* NoHoldMusicTests.m */; };
		34510AA91D00FE05008FCD4A /* NoHoldMusicConstants.h in Headers */ = {isa = PBXBuildFile; fileRef = 34510AA71D00FE05008FCD4A /* NoHoldMusicConstants.h */; settings = {ATTRIBUTES = (Public, ); }; };
		34510AAA1D00FE05008FCD4A /* NoHoldMusicConstants.m in Sources */ = {isa = PBXBuildFile; fileRef = 34510AA81D00FE05008FCD4A /* NoHoldMusicConstants.m */; };
		34510AAD1D028AB0008FCD4A /* DebugWarnings.xcconfig in Resources */ = {isa = PBXBuildFile; fileRef = 34510AAB1D028AB0008FCD4A /* DebugWarnings.xcconfig */; };
		34510AAE1D028AB0008FCD4A /* ReleaseWarnings.xcconfig in Resources */ = {isa = PBXBuildFile; fileRef = 34510AAC1D028AB0008FCD4A /* ReleaseWarnings.xcconfig */; };
		34510AB11D03E6A3008FCD4A /* NSApplication+NHMHelpExtension.h in Headers */ = {isa = PBXBuildFile; fileRef = 34510AAF1D03E6A3008FCD4A /* NSApplication+NHMHelpExtension.h */; };
		34510AB21D03E6A3008FCD4A /* NSApplication+NHMHelpExtension.m in Sources */ = {isa = PBXBuildFile; fileRef = 34510AB01D03E6A3008FCD4A /* NSApplication+NHMHelpExtension.m */; };
		34510AB51D03F1F7008FCD4A /* NHMHelpContentController.h in Headers */ = {isa = PBXBuildFile; fileRef = 34510AB31D03F1F7008FCD4A /* NHMHelpContentController.h */; };
		34510AB61D03F1F7008FCD4A /* NHMHelpContentController.m in Sources */ = {isa = PBXBuildFile; fileRef = 34510AB41D03F1F7008FCD4A /* NHMHelpContentController.m */; };
		34510AB91D03F224008FCD4A /* NHMHelpSearchController.h in Headers */ = {isa = PBXBuildFile; fileRef = 34510AB71D03F224008FCD4A /* NHMHelpSearchController.h */; };
		34510ABA1D03F224008FCD4A /* NHMHelpSearchController.m in Sources */ = {isa = PBXBuildFile; fileRef = 34510AB81D03F224008FCD4A /* NHMHelpSearchController.m */; };
		34510ABC1D04D468008FCD4A /* NHMHelpManagerProtocols.h in Headers */ = {isa = PBXBuildFile; fileRef = 34510ABB1D04D468008FCD4A /* NHMHelpManagerProtocols.h */; };
		34510ABE1D0638F9008FCD4A /* NHMHelpWindowProtocols.h in Headers */ = {isa = PBXBuildFile; fileRef = 34510ABD1D0638F9008FCD4A /* NHMHelpWindowProtocols.h */; };
		34510AC11D064840008FCD4A /* NHMHelpBooks.h in Headers */ = {isa = PBXBuildFile; fileRef = 34510ABF1D064840008FCD4A /* NHMHelpBooks.h */; };
		34510AC21D064840008FCD4A /* NHMHelpBooks.m in Sources */ = {isa = PBXBuildFile; fileRef = 34510AC01D064840008FCD4A /* NHMHelpBooks.m */; };
		345498301CFFEB1B00B209E9 /* NHMHelpBook.h in Headers */ = {isa = PBXBuildFile; fileRef = 3454982E1CFFEB1B00B209E9 /* NHMHelpBook.h */; settings = {ATTRIBUTES = (Public, ); }; };
		345498311CFFEB1B00B209E9 /* NHMHelpBook.m in Sources */ = {isa = PBXBuildFile; fileRef = 3454982F1CFFEB1B00B209E9 /* NHMHelpBook.m */; };
		348E3AC21CE2A0FD00522044 /* NHMFloatBalloonImage.h in Headers */ = {isa = PBXBuildFile; fileRef = 348E3ABF1CE2A0FD00522044 /* NHMFloatBalloonImage.h */; };
		348E3AC31CE2A0FD00522044 /* NHMFloatBalloonImage.m in Sources */ = {isa = PBXBuildFile; fileRef = 348E3AC01CE2A0FD00522044 /* NHMFloatBalloonImage.m */; };
		348E3AC81CE2AC5B00522044 /* NHMHelpWindowController.h in Headers */ = {isa = PBXBuildFile; fileRef = 348E3AC51CE2AC5B00522044 /* NHMHelpWindowController.h */; settings = {ATTRIBUTES = (Public, ); }; };
		348E3AC91CE2AC5B00522044 /* NHMHelpWindowController.m in Sources */ = {isa = PBXBuildFile; fileRef = 348E3AC61CE2AC5B00522044 /* NHMHelpWindowController.m */; };
		348E3ACA1CE2AC5B00522044 /* NHMHelpWindowController.xib in Resources */ = {isa = PBXBuildFile; fileRef = 348E3AC71CE2AC5B00522044 /* NHMHelpWindowController.xib */; };
		34A9A7FE1CE3F0DD00460FE3 /* ToolbarClassExtensionTests.m in Sources */ = {isa = PBXBuildFile; fileRef = 34A9A7FD1CE3F0DD00460FE3 /* ToolbarClassExtensionTests.m */; };
		34A9A8081CE4477B00460FE3 /* NHMHelpManager.h in Headers */ = {isa = PBXBuildFile; fileRef = 34A9A8061CE4477B00460FE3 /* NHMHelpManager.h */; settings = {ATTRIBUTES = (Public, ); }; };
		34A9A8091CE4477B00460FE3 /* NHMHelpManager.m in Sources */ = {isa = PBXBuildFile; fileRef = 34A9A8071CE4477B00460FE3 /* NHMHelpManager.m */; };
		34A9A8121CE44DC400460FE3 /* AppDelegate.m in Sources */ = {isa = PBXBuildFile; fileRef = 34A9A8111CE44DC400460FE3 /* AppDelegate.m */; };
		34A9A8151CE44DC500460FE3 /* main.m in Sources */ = {isa = PBXBuildFile; fileRef = 34A9A8141CE44DC500460FE3 /* main.m */; };
		34A9A8171CE44DC500460FE3 /* Assets.xcassets in Resources */ = {isa = PBXBuildFile; fileRef = 34A9A8161CE44DC500460FE3 /* Assets.xcassets */; };
		34A9A81A1CE44DC500460FE3 /* MainMenu.xib in Resources */ = {isa = PBXBuildFile; fileRef = 34A9A8181CE44DC500460FE3 /* MainMenu.xib */; };
		34A9A81F1CE44E5100460FE3 /* NoHoldMusic.framework in Frameworks */ = {isa = PBXBuildFile; fileRef = 3433D7001CD31FBD0044EFA3 /* NoHoldMusic.framework */; };
		34A9A8231CE8F89B00460FE3 /* NHMHelpWindowTaskbarViewController.h in Headers */ = {isa = PBXBuildFile; fileRef = 34A9A8201CE8F89B00460FE3 /* NHMHelpWindowTaskbarViewController.h */; settings = {ATTRIBUTES = (Public, ); }; };
		34A9A8241CE8F89B00460FE3 /* NHMHelpWindowTaskbarViewController.m in Sources */ = {isa = PBXBuildFile; fileRef = 34A9A8211CE8F89B00460FE3 /* NHMHelpWindowTaskbarViewController.m */; };
		34A9A8251CE8F89B00460FE3 /* NHMHelpWindowTaskbarViewController.xib in Resources */ = {isa = PBXBuildFile; fileRef = 34A9A8221CE8F89B00460FE3 /* NHMHelpWindowTaskbarViewController.xib */; };
		34B0D7C91CEE3A0800BFF57D /* NHMHelpWindowConstants.m in Sources */ = {isa = PBXBuildFile; fileRef = 34B0D7C81CEE3A0800BFF57D /* NHMHelpWindowConstants.m */; };
		34B0D7CB1CEE6A3F00BFF57D /* NHMHelpWindowConstants.h in Headers */ = {isa = PBXBuildFile; fileRef = 34B0D7CA1CEE3A2700BFF57D /* NHMHelpWindowConstants.h */; settings = {ATTRIBUTES = (Public, ); }; };
/* End PBXBuildFile section */

/* Begin PBXContainerItemProxy section */
		3433D70C1CD31FBE0044EFA3 /* PBXContainerItemProxy */ = {
			isa = PBXContainerItemProxy;
			containerPortal = 3433D6F71CD31FBD0044EFA3 /* Project object */;
			proxyType = 1;
			remoteGlobalIDString = 3433D6FF1CD31FBD0044EFA3;
			remoteInfo = NoHoldMusic;
		};
/* End PBXContainerItemProxy section */

/* Begin PBXFileReference section */
		3425C0941CEE80D100CC7AD5 /* HelpWindowUITests.m */ = {isa = PBXFileReference; fileEncoding = 4; lastKnownFileType = sourcecode.c.objc; path = HelpWindowUITests.m; sourceTree = "<group>"; };
		3433D7001CD31FBD0044EFA3 /* NoHoldMusic.framework */ = {isa = PBXFileReference; explicitFileType = wrapper.framework; includeInIndex = 0; path = NoHoldMusic.framework; sourceTree = BUILT_PRODUCTS_DIR; };
		3433D7031CD31FBD0044EFA3 /* NoHoldMusic.h */ = {isa = PBXFileReference; lastKnownFileType = sourcecode.c.h; path = NoHoldMusic.h; sourceTree = "<group>"; };
		3433D7051CD31FBD0044EFA3 /* Info.plist */ = {isa = PBXFileReference; lastKnownFileType = text.plist.xml; path = Info.plist; sourceTree = "<group>"; };
		3433D70A1CD31FBE0044EFA3 /* NoHoldMusicTests.xctest */ = {isa = PBXFileReference; explicitFileType = wrapper.cfbundle; includeInIndex = 0; path = NoHoldMusicTests.xctest; sourceTree = BUILT_PRODUCTS_DIR; };
		3433D70F1CD31FBE0044EFA3 /* NoHoldMusicTests.m */ = {isa = PBXFileReference; lastKnownFileType = sourcecode.c.objc; path = NoHoldMusicTests.m; sourceTree = "<group>"; };
		3433D7111CD31FBE0044EFA3 /* Info.plist */ = {isa = PBXFileReference; lastKnownFileType = text.plist.xml; path = Info.plist; sourceTree = "<group>"; };
		34510AA71D00FE05008FCD4A /* NoHoldMusicConstants.h */ = {isa = PBXFileReference; fileEncoding = 4; lastKnownFileType = sourcecode.c.h; path = NoHoldMusicConstants.h; sourceTree = "<group>"; };
		34510AA81D00FE05008FCD4A /* NoHoldMusicConstants.m */ = {isa = PBXFileReference; fileEncoding = 4; lastKnownFileType = sourcecode.c.objc; path = NoHoldMusicConstants.m; sourceTree = "<group>"; };
		34510AAB1D028AB0008FCD4A /* DebugWarnings.xcconfig */ = {isa = PBXFileReference; fileEncoding = 4; lastKnownFileType = text.xcconfig; path = DebugWarnings.xcconfig; sourceTree = "<group>"; };
		34510AAC1D028AB0008FCD4A /* ReleaseWarnings.xcconfig */ = {isa = PBXFileReference; fileEncoding = 4; lastKnownFileType = text.xcconfig; path = ReleaseWarnings.xcconfig; sourceTree = "<group>"; };
		34510AAF1D03E6A3008FCD4A /* NSApplication+NHMHelpExtension.h */ = {isa = PBXFileReference; fileEncoding = 4; lastKnownFileType = sourcecode.c.h; path = "NSApplication+NHMHelpExtension.h"; sourceTree = "<group>"; };
		34510AB01D03E6A3008FCD4A /* NSApplication+NHMHelpExtension.m */ = {isa = PBXFileReference; fileEncoding = 4; lastKnownFileType = sourcecode.c.objc; path = "NSApplication+NHMHelpExtension.m"; sourceTree = "<group>"; };
		34510AB31D03F1F7008FCD4A /* NHMHelpContentController.h */ = {isa = PBXFileReference; fileEncoding = 4; lastKnownFileType = sourcecode.c.h; path = NHMHelpContentController.h; sourceTree = "<group>"; };
		34510AB41D03F1F7008FCD4A /* NHMHelpContentController.m */ = {isa = PBXFileReference; fileEncoding = 4; lastKnownFileType = sourcecode.c.objc; path = NHMHelpContentController.m; sourceTree = "<group>"; };
		34510AB71D03F224008FCD4A /* NHMHelpSearchController.h */ = {isa = PBXFileReference; fileEncoding = 4; lastKnownFileType = sourcecode.c.h; path = NHMHelpSearchController.h; sourceTree = "<group>"; };
		34510AB81D03F224008FCD4A /* NHMHelpSearchController.m */ = {isa = PBXFileReference; fileEncoding = 4; lastKnownFileType = sourcecode.c.objc; path = NHMHelpSearchController.m; sourceTree = "<group>"; };
		34510ABB1D04D468008FCD4A /* NHMHelpManagerProtocols.h */ = {isa = PBXFileReference; fileEncoding = 4; lastKnownFileType = sourcecode.c.h; name = NHMHelpManagerProtocols.h; path = NoHoldMusic/NHMHelpManagerProtocols.h; sourceTree = SOURCE_ROOT; };
		34510ABD1D0638F9008FCD4A /* NHMHelpWindowProtocols.h */ = {isa = PBXFileReference; fileEncoding = 4; lastKnownFileType = sourcecode.c.h; name = NHMHelpWindowProtocols.h; path = window/NHMHelpWindowProtocols.h; sourceTree = "<group>"; };
		34510ABF1D064840008FCD4A /* NHMHelpBooks.h */ = {isa = PBXFileReference; fileEncoding = 4; lastKnownFileType = sourcecode.c.h; path = NHMHelpBooks.h; sourceTree = "<group>"; };
		34510AC01D064840008FCD4A /* NHMHelpBooks.m */ = {isa = PBXFileReference; fileEncoding = 4; lastKnownFileType = sourcecode.c.objc; path = NHMHelpBooks.m; sourceTree = "<group>"; };
		3454982E1CFFEB1B00B209E9 /* NHMHelpBook.h */ = {isa = PBXFileReference; fileEncoding = 4; lastKnownFileType = sourcecode.c.h; path = NHMHelpBook.h; sourceTree = "<group>"; };
		3454982F1CFFEB1B00B209E9 /* NHMHelpBook.m */ = {isa = PBXFileReference; fileEncoding = 4; lastKnownFileType = sourcecode.c.objc; path = NHMHelpBook.m; sourceTree = "<group>"; };
		348E3ABF1CE2A0FD00522044 /* NHMFloatBalloonImage.h */ = {isa = PBXFileReference; fileEncoding = 4; lastKnownFileType = sourcecode.c.h; path = NHMFloatBalloonImage.h; sourceTree = "<group>"; };
		348E3AC01CE2A0FD00522044 /* NHMFloatBalloonImage.m */ = {isa = PBXFileReference; fileEncoding = 4; lastKnownFileType = sourcecode.c.objc; path = NHMFloatBalloonImage.m; sourceTree = "<group>"; };
		348E3AC11CE2A0FD00522044 /* noun_232963_cc-2.svg */ = {isa = PBXFileReference; fileEncoding = 4; lastKnownFileType = text; path = "noun_232963_cc-2.svg"; sourceTree = "<group>"; };
		348E3AC51CE2AC5B00522044 /* NHMHelpWindowController.h */ = {isa = PBXFileReference; fileEncoding = 4; lastKnownFileType = sourcecode.c.h; name = NHMHelpWindowController.h; path = window/NHMHelpWindowController.h; sourceTree = "<group>"; };
		348E3AC61CE2AC5B00522044 /* NHMHelpWindowController.m */ = {isa = PBXFileReference; fileEncoding = 4; lastKnownFileType = sourcecode.c.objc; name = NHMHelpWindowController.m; path = window/NHMHelpWindowController.m; sourceTree = "<group>"; };
		348E3AC71CE2AC5B00522044 /* NHMHelpWindowController.xib */ = {isa = PBXFileReference; fileEncoding = 4; lastKnownFileType = file.xib; name = NHMHelpWindowController.xib; path = window/NHMHelpWindowController.xib; sourceTree = "<group>"; };
		34A9A7FD1CE3F0DD00460FE3 /* ToolbarClassExtensionTests.m */ = {isa = PBXFileReference; fileEncoding = 4; lastKnownFileType = sourcecode.c.objc; path = ToolbarClassExtensionTests.m; sourceTree = "<group>"; };
		34A9A8061CE4477B00460FE3 /* NHMHelpManager.h */ = {isa = PBXFileReference; fileEncoding = 4; lastKnownFileType = sourcecode.c.h; path = NHMHelpManager.h; sourceTree = "<group>"; };
		34A9A8071CE4477B00460FE3 /* NHMHelpManager.m */ = {isa = PBXFileReference; fileEncoding = 4; lastKnownFileType = sourcecode.c.objc; path = NHMHelpManager.m; sourceTree = "<group>"; };
		34A9A80E1CE44DBE00460FE3 /* NoHoldMusicDemo.app */ = {isa = PBXFileReference; explicitFileType = wrapper.application; includeInIndex = 0; path = NoHoldMusicDemo.app; sourceTree = BUILT_PRODUCTS_DIR; };
		34A9A8101CE44DC400460FE3 /* AppDelegate.h */ = {isa = PBXFileReference; lastKnownFileType = sourcecode.c.h; path = AppDelegate.h; sourceTree = "<group>"; };
		34A9A8111CE44DC400460FE3 /* AppDelegate.m */ = {isa = PBXFileReference; lastKnownFileType = sourcecode.c.objc; path = AppDelegate.m; sourceTree = "<group>"; };
		34A9A8141CE44DC500460FE3 /* main.m */ = {isa = PBXFileReference; lastKnownFileType = sourcecode.c.objc; path = main.m; sourceTree = "<group>"; };
		34A9A8161CE44DC500460FE3 /* Assets.xcassets */ = {isa = PBXFileReference; lastKnownFileType = folder.assetcatalog; path = Assets.xcassets; sourceTree = "<group>"; };
		34A9A8191CE44DC500460FE3 /* Base */ = {isa = PBXFileReference; lastKnownFileType = file.xib; name = Base; path = Base.lproj/MainMenu.xib; sourceTree = "<group>"; };
		34A9A81B1CE44DC600460FE3 /* Info.plist */ = {isa = PBXFileReference; lastKnownFileType = text.plist.xml; path = Info.plist; sourceTree = "<group>"; };
		34A9A8201CE8F89B00460FE3 /* NHMHelpWindowTaskbarViewController.h */ = {isa = PBXFileReference; fileEncoding = 4; lastKnownFileType = sourcecode.c.h; name = NHMHelpWindowTaskbarViewController.h; path = window/NHMHelpWindowTaskbarViewController.h; sourceTree = "<group>"; };
		34A9A8211CE8F89B00460FE3 /* NHMHelpWindowTaskbarViewController.m */ = {isa = PBXFileReference; fileEncoding = 4; lastKnownFileType = sourcecode.c.objc; name = NHMHelpWindowTaskbarViewController.m; path = window/NHMHelpWindowTaskbarViewController.m; sourceTree = "<group>"; };
		34A9A8221CE8F89B00460FE3 /* NHMHelpWindowTaskbarViewController.xib */ = {isa = PBXFileReference; fileEncoding = 4; lastKnownFileType = file.xib; name = NHMHelpWindowTaskbarViewController.xib; path = window/NHMHelpWindowTaskbarViewController.xib; sourceTree = "<group>"; };
		34B0D7C81CEE3A0800BFF57D /* NHMHelpWindowConstants.m */ = {isa = PBXFileReference; fileEncoding = 4; lastKnownFileType = sourcecode.c.objc; name = NHMHelpWindowConstants.m; path = window/NHMHelpWindowConstants.m; sourceTree = "<group>"; };
		34B0D7CA1CEE3A2700BFF57D /* NHMHelpWindowConstants.h */ = {isa = PBXFileReference; lastKnownFileType = sourcecode.c.h; name = NHMHelpWindowConstants.h; path = window/NHMHelpWindowConstants.h; sourceTree = "<group>"; };
/* End PBXFileReference section */

/* Begin PBXFrameworksBuildPhase section */
		3433D6FC1CD31FBD0044EFA3 /* Frameworks */ = {
			isa = PBXFrameworksBuildPhase;
			buildActionMask = 2147483647;
			files = (
			);
			runOnlyForDeploymentPostprocessing = 0;
		};
		3433D7071CD31FBE0044EFA3 /* Frameworks */ = {
			isa = PBXFrameworksBuildPhase;
			buildActionMask = 2147483647;
			files = (
				3433D70B1CD31FBE0044EFA3 /* NoHoldMusic.framework in Frameworks */,
			);
			runOnlyForDeploymentPostprocessing = 0;
		};
		34A9A80B1CE44DBE00460FE3 /* Frameworks */ = {
			isa = PBXFrameworksBuildPhase;
			buildActionMask = 2147483647;
			files = (
				34A9A81F1CE44E5100460FE3 /* NoHoldMusic.framework in Frameworks */,
			);
			runOnlyForDeploymentPostprocessing = 0;
		};
/* End PBXFrameworksBuildPhase section */

/* Begin PBXGroup section */
		3433D6F61CD31FBC0044EFA3 = {
			isa = PBXGroup;
			children = (
				34510AAB1D028AB0008FCD4A /* DebugWarnings.xcconfig */,
				34510AAC1D028AB0008FCD4A /* ReleaseWarnings.xcconfig */,
				3433D7021CD31FBD0044EFA3 /* NoHoldMusic */,
				3433D70E1CD31FBE0044EFA3 /* NoHoldMusicTests */,
				34A9A80F1CE44DC400460FE3 /* NoHoldMusicDemo */,
				3433D7011CD31FBD0044EFA3 /* Products */,
			);
			sourceTree = "<group>";
		};
		3433D7011CD31FBD0044EFA3 /* Products */ = {
			isa = PBXGroup;
			children = (
				3433D7001CD31FBD0044EFA3 /* NoHoldMusic.framework */,
				3433D70A1CD31FBE0044EFA3 /* NoHoldMusicTests.xctest */,
				34A9A80E1CE44DBE00460FE3 /* NoHoldMusicDemo.app */,
			);
			name = Products;
			sourceTree = "<group>";
		};
		3433D7021CD31FBD0044EFA3 /* NoHoldMusic */ = {
			isa = PBXGroup;
			children = (
				348E3ABE1CE2A0FD00522044 /* FloatImage */,
				3433D7031CD31FBD0044EFA3 /* NoHoldMusic.h */,
				34510AA71D00FE05008FCD4A /* NoHoldMusicConstants.h */,
				34510AA81D00FE05008FCD4A /* NoHoldMusicConstants.m */,
				3454982E1CFFEB1B00B209E9 /* NHMHelpBook.h */,
				3454982F1CFFEB1B00B209E9 /* NHMHelpBook.m */,
				34510ABF1D064840008FCD4A /* NHMHelpBooks.h */,
				34510AC01D064840008FCD4A /* NHMHelpBooks.m */,
				34510ABB1D04D468008FCD4A /* NHMHelpManagerProtocols.h */,
				34A9A8061CE4477B00460FE3 /* NHMHelpManager.h */,
				34A9A8071CE4477B00460FE3 /* NHMHelpManager.m */,
				34510AAF1D03E6A3008FCD4A /* NSApplication+NHMHelpExtension.h */,
				34510AB01D03E6A3008FCD4A /* NSApplication+NHMHelpExtension.m */,
				34510AB31D03F1F7008FCD4A /* NHMHelpContentController.h */,
				34510AB41D03F1F7008FCD4A /* NHMHelpContentController.m */,
				34510AB71D03F224008FCD4A /* NHMHelpSearchController.h */,
				34510AB81D03F224008FCD4A /* NHMHelpSearchController.m */,
				3433D7051CD31FBD0044EFA3 /* Info.plist */,
				349D13C11CE38D680018D631 /* Help Window */,
			);
			path = NoHoldMusic;
			sourceTree = "<group>";
		};
		3433D70E1CD31FBE0044EFA3 /* NoHoldMusicTests */ = {
			isa = PBXGroup;
			children = (
				34A9A7FD1CE3F0DD00460FE3 /* ToolbarClassExtensionTests.m */,
				3433D70F1CD31FBE0044EFA3 /* NoHoldMusicTests.m */,
				3433D7111CD31FBE0044EFA3 /* Info.plist */,
				3425C0941CEE80D100CC7AD5 /* HelpWindowUITests.m */,
			);
			path = NoHoldMusicTests;
			sourceTree = "<group>";
		};
		348E3ABE1CE2A0FD00522044 /* FloatImage */ = {
			isa = PBXGroup;
			children = (
				348E3ABF1CE2A0FD00522044 /* NHMFloatBalloonImage.h */,
				348E3AC01CE2A0FD00522044 /* NHMFloatBalloonImage.m */,
				348E3AC11CE2A0FD00522044 /* noun_232963_cc-2.svg */,
			);
			name = FloatImage;
			path = floatImage;
			sourceTree = "<group>";
		};
		349D13C11CE38D680018D631 /* Help Window */ = {
			isa = PBXGroup;
			children = (
				34510ABD1D0638F9008FCD4A /* NHMHelpWindowProtocols.h */,
				34B0D7CA1CEE3A2700BFF57D /* NHMHelpWindowConstants.h */,
				34B0D7C81CEE3A0800BFF57D /* NHMHelpWindowConstants.m */,
				348E3AC51CE2AC5B00522044 /* NHMHelpWindowController.h */,
				348E3AC61CE2AC5B00522044 /* NHMHelpWindowController.m */,
				348E3AC71CE2AC5B00522044 /* NHMHelpWindowController.xib */,
				34A9A8201CE8F89B00460FE3 /* NHMHelpWindowTaskbarViewController.h */,
				34A9A8211CE8F89B00460FE3 /* NHMHelpWindowTaskbarViewController.m */,
				34A9A8221CE8F89B00460FE3 /* NHMHelpWindowTaskbarViewController.xib */,
			);
			name = "Help Window";
			sourceTree = "<group>";
		};
		34A9A80F1CE44DC400460FE3 /* NoHoldMusicDemo */ = {
			isa = PBXGroup;
			children = (
				34A9A8101CE44DC400460FE3 /* AppDelegate.h */,
				34A9A8111CE44DC400460FE3 /* AppDelegate.m */,
				34A9A8161CE44DC500460FE3 /* Assets.xcassets */,
				34A9A8181CE44DC500460FE3 /* MainMenu.xib */,
				34A9A81B1CE44DC600460FE3 /* Info.plist */,
				34A9A8131CE44DC500460FE3 /* Supporting Files */,
			);
			path = NoHoldMusicDemo;
			sourceTree = "<group>";
		};
		34A9A8131CE44DC500460FE3 /* Supporting Files */ = {
			isa = PBXGroup;
			children = (
				34A9A8141CE44DC500460FE3 /* main.m */,
			);
			name = "Supporting Files";
			sourceTree = "<group>";
		};
/* End PBXGroup section */

/* Begin PBXHeadersBuildPhase section */
		3433D6FD1CD31FBD0044EFA3 /* Headers */ = {
			isa = PBXHeadersBuildPhase;
			buildActionMask = 2147483647;
			files = (
				3433D7041CD31FBD0044EFA3 /* NoHoldMusic.h in Headers */,
				34510ABE1D0638F9008FCD4A /* NHMHelpWindowProtocols.h in Headers */,
				34510AC11D064840008FCD4A /* NHMHelpBooks.h in Headers */,
				34B0D7CB1CEE6A3F00BFF57D /* NHMHelpWindowConstants.h in Headers */,
				345498301CFFEB1B00B209E9 /* NHMHelpBook.h in Headers */,
				34510ABC1D04D468008FCD4A /* NHMHelpManagerProtocols.h in Headers */,
				34510AB91D03F224008FCD4A /* NHMHelpSearchController.h in Headers */,
				348E3AC21CE2A0FD00522044 /* NHMFloatBalloonImage.h in Headers */,
				34510AB11D03E6A3008FCD4A /* NSApplication+NHMHelpExtension.h in Headers */,
				34A9A8081CE4477B00460FE3 /* NHMHelpManager.h in Headers */,
				34A9A8231CE8F89B00460FE3 /* NHMHelpWindowTaskbarViewController.h in Headers */,
				34510AB51D03F1F7008FCD4A /* NHMHelpContentController.h in Headers */,
				34510AA91D00FE05008FCD4A /* NoHoldMusicConstants.h in Headers */,
				348E3AC81CE2AC5B00522044 /* NHMHelpWindowController.h in Headers */,
			);
			runOnlyForDeploymentPostprocessing = 0;
		};
/* End PBXHeadersBuildPhase section */

/* Begin PBXNativeTarget section */
		3433D6FF1CD31FBD0044EFA3 /* NoHoldMusic */ = {
			isa = PBXNativeTarget;
			buildConfigurationList = 3433D7141CD31FBE0044EFA3 /* Build configuration list for PBXNativeTarget "NoHoldMusic" */;
			buildPhases = (
				3433D6FB1CD31FBD0044EFA3 /* Sources */,
				3433D6FC1CD31FBD0044EFA3 /* Frameworks */,
				3433D6FD1CD31FBD0044EFA3 /* Headers */,
				3433D6FE1CD31FBD0044EFA3 /* Resources */,
			);
			buildRules = (
			);
			dependencies = (
			);
			name = NoHoldMusic;
			productName = NoHoldMusic;
			productReference = 3433D7001CD31FBD0044EFA3 /* NoHoldMusic.framework */;
			productType = "com.apple.product-type.framework";
		};
		3433D7091CD31FBE0044EFA3 /* NoHoldMusicTests */ = {
			isa = PBXNativeTarget;
			buildConfigurationList = 3433D7171CD31FBE0044EFA3 /* Build configuration list for PBXNativeTarget "NoHoldMusicTests" */;
			buildPhases = (
				3433D7061CD31FBE0044EFA3 /* Sources */,
				3433D7071CD31FBE0044EFA3 /* Frameworks */,
				3433D7081CD31FBE0044EFA3 /* Resources */,
			);
			buildRules = (
			);
			dependencies = (
				3433D70D1CD31FBE0044EFA3 /* PBXTargetDependency */,
			);
			name = NoHoldMusicTests;
			productName = NoHoldMusicTests;
			productReference = 3433D70A1CD31FBE0044EFA3 /* NoHoldMusicTests.xctest */;
			productType = "com.apple.product-type.bundle.unit-test";
		};
		34A9A80D1CE44DBE00460FE3 /* NoHoldMusicDemo */ = {
			isa = PBXNativeTarget;
			buildConfigurationList = 34A9A81C1CE44DC600460FE3 /* Build configuration list for PBXNativeTarget "NoHoldMusicDemo" */;
			buildPhases = (
				34A9A80A1CE44DBE00460FE3 /* Sources */,
				34A9A80B1CE44DBE00460FE3 /* Frameworks */,
				34A9A80C1CE44DBE00460FE3 /* Resources */,
			);
			buildRules = (
			);
			dependencies = (
			);
			name = NoHoldMusicDemo;
			productName = NoHoldMusicDemo;
			productReference = 34A9A80E1CE44DBE00460FE3 /* NoHoldMusicDemo.app */;
			productType = "com.apple.product-type.application";
		};
/* End PBXNativeTarget section */

/* Begin PBXProject section */
		3433D6F71CD31FBD0044EFA3 /* Project object */ = {
			isa = PBXProject;
			attributes = {
				LastUpgradeCheck = 0730;
				ORGANIZATIONNAME = "The Fascinating Group";
				TargetAttributes = {
					3433D6FF1CD31FBD0044EFA3 = {
						CreatedOnToolsVersion = 7.3;
					};
					3433D7091CD31FBE0044EFA3 = {
						CreatedOnToolsVersion = 7.3;
					};
					34A9A80D1CE44DBE00460FE3 = {
						CreatedOnToolsVersion = 7.3;
					};
				};
			};
			buildConfigurationList = 3433D6FA1CD31FBD0044EFA3 /* Build configuration list for PBXProject "NoHoldMusic" */;
			compatibilityVersion = "Xcode 3.2";
			developmentRegion = English;
			hasScannedForEncodings = 0;
			knownRegions = (
				en,
				Base,
			);
			mainGroup = 3433D6F61CD31FBC0044EFA3;
			productRefGroup = 3433D7011CD31FBD0044EFA3 /* Products */;
			projectDirPath = "";
			projectRoot = "";
			targets = (
				3433D6FF1CD31FBD0044EFA3 /* NoHoldMusic */,
				3433D7091CD31FBE0044EFA3 /* NoHoldMusicTests */,
				34A9A80D1CE44DBE00460FE3 /* NoHoldMusicDemo */,
			);
		};
/* End PBXProject section */

/* Begin PBXResourcesBuildPhase section */
		3433D6FE1CD31FBD0044EFA3 /* Resources */ = {
			isa = PBXResourcesBuildPhase;
			buildActionMask = 2147483647;
			files = (
				34A9A8251CE8F89B00460FE3 /* NHMHelpWindowTaskbarViewController.xib in Resources */,
				34510AAE1D028AB0008FCD4A /* ReleaseWarnings.xcconfig in Resources */,
				348E3ACA1CE2AC5B00522044 /* NHMHelpWindowController.xib in Resources */,
				34510AAD1D028AB0008FCD4A /* DebugWarnings.xcconfig in Resources */,
			);
			runOnlyForDeploymentPostprocessing = 0;
		};
		3433D7081CD31FBE0044EFA3 /* Resources */ = {
			isa = PBXResourcesBuildPhase;
			buildActionMask = 2147483647;
			files = (
			);
			runOnlyForDeploymentPostprocessing = 0;
		};
		34A9A80C1CE44DBE00460FE3 /* Resources */ = {
			isa = PBXResourcesBuildPhase;
			buildActionMask = 2147483647;
			files = (
				34A9A8171CE44DC500460FE3 /* Assets.xcassets in Resources */,
				34A9A81A1CE44DC500460FE3 /* MainMenu.xib in Resources */,
			);
			runOnlyForDeploymentPostprocessing = 0;
		};
/* End PBXResourcesBuildPhase section */

/* Begin PBXSourcesBuildPhase section */
		3433D6FB1CD31FBD0044EFA3 /* Sources */ = {
			isa = PBXSourcesBuildPhase;
			buildActionMask = 2147483647;
			files = (
				34510AC21D064840008FCD4A /* NHMHelpBooks.m in Sources */,
				34510ABA1D03F224008FCD4A /* NHMHelpSearchController.m in Sources */,
				34510AB21D03E6A3008FCD4A /* NSApplication+NHMHelpExtension.m in Sources */,
				34510AB61D03F1F7008FCD4A /* NHMHelpContentController.m in Sources */,
				348E3AC91CE2AC5B00522044 /* NHMHelpWindowController.m in Sources */,
				34A9A8091CE4477B00460FE3 /* NHMHelpManager.m in Sources */,
				34B0D7C91CEE3A0800BFF57D /* NHMHelpWindowConstants.m in Sources */,
				34A9A8241CE8F89B00460FE3 /* NHMHelpWindowTaskbarViewController.m in Sources */,
				348E3AC31CE2A0FD00522044 /* NHMFloatBalloonImage.m in Sources */,
				345498311CFFEB1B00B209E9 /* NHMHelpBook.m in Sources */,
				34510AAA1D00FE05008FCD4A /* NoHoldMusicConstants.m in Sources */,
			);
			runOnlyForDeploymentPostprocessing = 0;
		};
		3433D7061CD31FBE0044EFA3 /* Sources */ = {
			isa = PBXSourcesBuildPhase;
			buildActionMask = 2147483647;
			files = (
				34A9A7FE1CE3F0DD00460FE3 /* ToolbarClassExtensionTests.m in Sources */,
				3425C0951CEE80D100CC7AD5 /* HelpWindowUITests.m in Sources */,
				3433D7101CD31FBE0044EFA3 /* NoHoldMusicTests.m in Sources */,
			);
			runOnlyForDeploymentPostprocessing = 0;
		};
		34A9A80A1CE44DBE00460FE3 /* Sources */ = {
			isa = PBXSourcesBuildPhase;
			buildActionMask = 2147483647;
			files = (
				34A9A8151CE44DC500460FE3 /* main.m in Sources */,
				34A9A8121CE44DC400460FE3 /* AppDelegate.m in Sources */,
			);
			runOnlyForDeploymentPostprocessing = 0;
		};
/* End PBXSourcesBuildPhase section */

/* Begin PBXTargetDependency section */
		3433D70D1CD31FBE0044EFA3 /* PBXTargetDependency */ = {
			isa = PBXTargetDependency;
			target = 3433D6FF1CD31FBD0044EFA3 /* NoHoldMusic */;
			targetProxy = 3433D70C1CD31FBE0044EFA3 /* PBXContainerItemProxy */;
		};
/* End PBXTargetDependency section */

/* Begin PBXVariantGroup section */
		34A9A8181CE44DC500460FE3 /* MainMenu.xib */ = {
			isa = PBXVariantGroup;
			children = (
				34A9A8191CE44DC500460FE3 /* Base */,
			);
			name = MainMenu.xib;
			sourceTree = "<group>";
		};
/* End PBXVariantGroup section */

/* Begin XCBuildConfiguration section */
		3433D7121CD31FBE0044EFA3 /* Debug */ = {
			isa = XCBuildConfiguration;
			buildSettings = {
				ALWAYS_SEARCH_USER_PATHS = NO;
				CLANG_ANALYZER_NONNULL = YES;
				CLANG_CXX_LANGUAGE_STANDARD = "gnu++0x";
				CLANG_CXX_LIBRARY = "libc++";
				CLANG_ENABLE_MODULES = YES;
				CLANG_ENABLE_OBJC_ARC = YES;
				CLANG_WARN_BOOL_CONVERSION = YES;
				CLANG_WARN_CONSTANT_CONVERSION = YES;
				CLANG_WARN_DIRECT_OBJC_ISA_USAGE = YES_ERROR;
				CLANG_WARN_EMPTY_BODY = YES;
				CLANG_WARN_ENUM_CONVERSION = YES;
				CLANG_WARN_INT_CONVERSION = YES;
				CLANG_WARN_OBJC_ROOT_CLASS = YES_ERROR;
				CLANG_WARN_UNREACHABLE_CODE = YES;
				CLANG_WARN__DUPLICATE_METHOD_MATCH = YES;
				CODE_SIGN_IDENTITY = "-";
				COPY_PHASE_STRIP = NO;
				CURRENT_PROJECT_VERSION = 1;
				DEBUG_INFORMATION_FORMAT = dwarf;
				ENABLE_STRICT_OBJC_MSGSEND = YES;
				ENABLE_TESTABILITY = YES;
				GCC_C_LANGUAGE_STANDARD = gnu99;
				GCC_DYNAMIC_NO_PIC = NO;
				GCC_NO_COMMON_BLOCKS = YES;
				GCC_OPTIMIZATION_LEVEL = 0;
				GCC_PREPROCESSOR_DEFINITIONS = (
					"DEBUG=1",
					"$(inherited)",
				);
				GCC_WARN_64_TO_32_BIT_CONVERSION = YES;
				GCC_WARN_ABOUT_RETURN_TYPE = YES_ERROR;
				GCC_WARN_UNDECLARED_SELECTOR = YES;
				GCC_WARN_UNINITIALIZED_AUTOS = YES_AGGRESSIVE;
				GCC_WARN_UNUSED_FUNCTION = YES;
				GCC_WARN_UNUSED_VARIABLE = YES;
				MACOSX_DEPLOYMENT_TARGET = 10.8;
				MTL_ENABLE_DEBUG_INFO = YES;
				ONLY_ACTIVE_ARCH = YES;
				SDKROOT = macosx;
				VERSIONING_SYSTEM = "apple-generic";
				VERSION_INFO_PREFIX = "";
			};
			name = Debug;
		};
		3433D7131CD31FBE0044EFA3 /* Release */ = {
			isa = XCBuildConfiguration;
			buildSettings = {
				ALWAYS_SEARCH_USER_PATHS = NO;
				CLANG_ANALYZER_NONNULL = YES;
				CLANG_CXX_LANGUAGE_STANDARD = "gnu++0x";
				CLANG_CXX_LIBRARY = "libc++";
				CLANG_ENABLE_MODULES = YES;
				CLANG_ENABLE_OBJC_ARC = YES;
				CLANG_WARN_BOOL_CONVERSION = YES;
				CLANG_WARN_CONSTANT_CONVERSION = YES;
				CLANG_WARN_DIRECT_OBJC_ISA_USAGE = YES_ERROR;
				CLANG_WARN_EMPTY_BODY = YES;
				CLANG_WARN_ENUM_CONVERSION = YES;
				CLANG_WARN_INT_CONVERSION = YES;
				CLANG_WARN_OBJC_ROOT_CLASS = YES_ERROR;
				CLANG_WARN_UNREACHABLE_CODE = YES;
				CLANG_WARN__DUPLICATE_METHOD_MATCH = YES;
				CODE_SIGN_IDENTITY = "-";
				COPY_PHASE_STRIP = NO;
				CURRENT_PROJECT_VERSION = 1;
				DEBUG_INFORMATION_FORMAT = "dwarf-with-dsym";
				ENABLE_NS_ASSERTIONS = NO;
				ENABLE_STRICT_OBJC_MSGSEND = YES;
				GCC_C_LANGUAGE_STANDARD = gnu99;
				GCC_NO_COMMON_BLOCKS = YES;
				GCC_WARN_64_TO_32_BIT_CONVERSION = YES;
				GCC_WARN_ABOUT_RETURN_TYPE = YES_ERROR;
				GCC_WARN_UNDECLARED_SELECTOR = YES;
				GCC_WARN_UNINITIALIZED_AUTOS = YES_AGGRESSIVE;
				GCC_WARN_UNUSED_FUNCTION = YES;
				GCC_WARN_UNUSED_VARIABLE = YES;
				MACOSX_DEPLOYMENT_TARGET = 10.8;
				MTL_ENABLE_DEBUG_INFO = NO;
				SDKROOT = macosx;
				VERSIONING_SYSTEM = "apple-generic";
				VERSION_INFO_PREFIX = "";
			};
			name = Release;
		};
		3433D7151CD31FBE0044EFA3 /* Debug */ = {
			isa = XCBuildConfiguration;
			baseConfigurationReference = 34510AAB1D028AB0008FCD4A /* DebugWarnings.xcconfig */;
			buildSettings = {
				CLANG_ALLOW_NON_MODULAR_INCLUDES_IN_FRAMEWORK_MODULES = YES;
				CLANG_ENABLE_MODULES = YES;
				CLANG_WARN_DOCUMENTATION_COMMENTS = YES;
				COMBINE_HIDPI_IMAGES = YES;
				DEFINES_MODULE = YES;
				DYLIB_COMPATIBILITY_VERSION = 1;
				DYLIB_CURRENT_VERSION = 1;
				DYLIB_INSTALL_NAME_BASE = "@rpath";
				FRAMEWORK_VERSION = A;
				INFOPLIST_FILE = NoHoldMusic/Info.plist;
				INSTALL_PATH = "$(LOCAL_LIBRARY_DIR)/Frameworks";
				LD_RUNPATH_SEARCH_PATHS = "$(inherited) @executable_path/../Frameworks @loader_path/Frameworks";
				MACOSX_DEPLOYMENT_TARGET = 10.10;
				PRODUCT_BUNDLE_IDENTIFIER = com.fascinatinggroup.NoHoldMusic;
				PRODUCT_NAME = "$(TARGET_NAME)";
				SKIP_INSTALL = YES;
				SWIFT_OPTIMIZATION_LEVEL = "-Onone";
			};
			name = Debug;
		};
		3433D7161CD31FBE0044EFA3 /* Release */ = {
			isa = XCBuildConfiguration;
			baseConfigurationReference = 34510AAC1D028AB0008FCD4A /* ReleaseWarnings.xcconfig */;
			buildSettings = {
				CLANG_ALLOW_NON_MODULAR_INCLUDES_IN_FRAMEWORK_MODULES = YES;
				CLANG_ENABLE_MODULES = YES;
				CLANG_WARN_DOCUMENTATION_COMMENTS = YES;
				COMBINE_HIDPI_IMAGES = YES;
				DEFINES_MODULE = YES;
				DYLIB_COMPATIBILITY_VERSION = 1;
				DYLIB_CURRENT_VERSION = 1;
				DYLIB_INSTALL_NAME_BASE = "@rpath";
				FRAMEWORK_VERSION = A;
				INFOPLIST_FILE = NoHoldMusic/Info.plist;
				INSTALL_PATH = "$(LOCAL_LIBRARY_DIR)/Frameworks";
				LD_RUNPATH_SEARCH_PATHS = "$(inherited) @executable_path/../Frameworks @loader_path/Frameworks";
				MACOSX_DEPLOYMENT_TARGET = 10.10;
				PRODUCT_BUNDLE_IDENTIFIER = com.fascinatinggroup.NoHoldMusic;
				PRODUCT_NAME = "$(TARGET_NAME)";
				SKIP_INSTALL = YES;
			};
			name = Release;
		};
		3433D7181CD31FBE0044EFA3 /* Debug */ = {
			isa = XCBuildConfiguration;
			buildSettings = {
				COMBINE_HIDPI_IMAGES = YES;
				INFOPLIST_FILE = NoHoldMusicTests/Info.plist;
				LD_RUNPATH_SEARCH_PATHS = "$(inherited) @executable_path/../Frameworks @loader_path/../Frameworks";
				PRODUCT_BUNDLE_IDENTIFIER = com.fascinatinggroup.NoHoldMusicTests;
				PRODUCT_NAME = "$(TARGET_NAME)";
			};
			name = Debug;
		};
		3433D7191CD31FBE0044EFA3 /* Release */ = {
			isa = XCBuildConfiguration;
			buildSettings = {
				COMBINE_HIDPI_IMAGES = YES;
				INFOPLIST_FILE = NoHoldMusicTests/Info.plist;
				LD_RUNPATH_SEARCH_PATHS = "$(inherited) @executable_path/../Frameworks @loader_path/../Frameworks";
				PRODUCT_BUNDLE_IDENTIFIER = com.fascinatinggroup.NoHoldMusicTests;
				PRODUCT_NAME = "$(TARGET_NAME)";
			};
			name = Release;
		};
		34A9A81D1CE44DC600460FE3 /* Debug */ = {
			isa = XCBuildConfiguration;
			baseConfigurationReference = 34510AAB1D028AB0008FCD4A /* DebugWarnings.xcconfig */;
			buildSettings = {
				ASSETCATALOG_COMPILER_APPICON_NAME = AppIcon;
				COMBINE_HIDPI_IMAGES = YES;
				INFOPLIST_FILE = NoHoldMusicDemo/Info.plist;
				LD_RUNPATH_SEARCH_PATHS = "$(inherited) @executable_path/../Frameworks";
				PRODUCT_BUNDLE_IDENTIFIER = com.fascinatinggroup.NoHoldMusicDemo;
				PRODUCT_NAME = "$(TARGET_NAME)";
			};
			name = Debug;
		};
		34A9A81E1CE44DC600460FE3 /* Release */ = {
			isa = XCBuildConfiguration;
			baseConfigurationReference = 34510AAC1D028AB0008FCD4A /* ReleaseWarnings.xcconfig */;
			buildSettings = {
				ASSETCATALOG_COMPILER_APPICON_NAME = AppIcon;
				COMBINE_HIDPI_IMAGES = YES;
				INFOPLIST_FILE = NoHoldMusicDemo/Info.plist;
				LD_RUNPATH_SEARCH_PATHS = "$(inherited) @executable_path/../Frameworks";
				PRODUCT_BUNDLE_IDENTIFIER = com.fascinatinggroup.NoHoldMusicDemo;
				PRODUCT_NAME = "$(TARGET_NAME)";
			};
			name = Release;
		};
/* End XCBuildConfiguration section */

/* Begin XCConfigurationList section */
		3433D6FA1CD31FBD0044EFA3 /* Build configuration list for PBXProject "NoHoldMusic" */ = {
			isa = XCConfigurationList;
			buildConfigurations = (
				3433D7121CD31FBE0044EFA3 /* Debug */,
				3433D7131CD31FBE0044EFA3 /* Release */,
			);
			defaultConfigurationIsVisible = 0;
			defaultConfigurationName = Release;
		};
		3433D7141CD31FBE0044EFA3 /* Build configuration list for PBXNativeTarget "NoHoldMusic" */ = {
			isa = XCConfigurationList;
			buildConfigurations = (
				3433D7151CD31FBE0044EFA3 /* Debug */,
				3433D7161CD31FBE0044EFA3 /* Release */,
			);
			defaultConfigurationIsVisible = 0;
			defaultConfigurationName = Release;
		};
		3433D7171CD31FBE0044EFA3 /* Build configuration list for PBXNativeTarget "NoHoldMusicTests" */ = {
			isa = XCConfigurationList;
			buildConfigurations = (
				3433D7181CD31FBE0044EFA3 /* Debug */,
				3433D7191CD31FBE0044EFA3 /* Release */,
			);
			defaultConfigurationIsVisible = 0;
			defaultConfigurationName = Release;
		};
		34A9A81C1CE44DC600460FE3 /* Build configuration list for PBXNativeTarget "NoHoldMusicDemo" */ = {
			isa = XCConfigurationList;
			buildConfigurations = (
				34A9A81D1CE44DC600460FE3 /* Debug */,
				34A9A81E1CE44DC600460FE3 /* Release */,
			);
			defaultConfigurationIsVisible = 0;
			defaultConfigurationName = Release;
		};
/* End XCConfigurationList section */
	};
	rootObject = 3433D6F71CD31FBD0044EFA3 /* Project object */;
}
